
Microsoft Visual Studio Solution File, Format Version 12.00
# Visual Studio Version 17
VisualStudioVersion = 17.2.32630.192
MinimumVisualStudioVersion = 10.0.40219.1
Project("{8BC9CEB8-8B4A-11D0-8D11-00A0C91BC942}") = "STLmap-and-another", "STLmap-and-another\STLmap-and-another.vcxproj", "{992E7B93-C88C-4314-BD9A-CC5E78056B40}"
EndProject
Global
	GlobalSection(SolutionConfigurationPlatforms) = preSolution
		Debug|x64 = Debug|x64
		Debug|x86 = Debug|x86
		Release|x64 = Release|x64
		Release|x86 = Release|x86
	EndGlobalSection
	GlobalSection(ProjectConfigurationPlatforms) = postSolution
		{992E7B93-C88C-4314-BD9A-CC5E78056B40}.Debug|x64.ActiveCfg = Debug|x64
		{992E7B93-C88C-4314-BD9A-CC5E78056B40}.Debug|x64.Build.0 = Debug|x64
		{992E7B93-C88C-4314-BD9A-CC5E78056B40}.Debug|x86.ActiveCfg = Debug|Win32
		{992E7B93-C88C-4314-BD9A-CC5E78056B40}.Debug|x86.Build.0 = Debug|Win32
		{992E7B93-C88C-4314-BD9A-CC5E78056B40}.Release|x64.ActiveCfg = Release|x64
		{992E7B93-C88C-4314-BD9A-CC5E78056B40}.Release|x64.Build.0 = Release|x64
		{992E7B93-C88C-4314-BD9A-CC5E78056B40}.Release|x86.ActiveCfg = Release|Win32
		{992E7B93-C88C-4314-BD9A-CC5E78056B40}.Release|x86.Build.0 = Release|Win32
	EndGlobalSection
	GlobalSection(SolutionProperties) = preSolution
		HideSolutionNode = FALSE
	EndGlobalSection
	GlobalSection(ExtensibilityGlobals) = postSolution
		SolutionGuid = {1F609D50-B840-4914-9A84-3E47A804D550}
	EndGlobalSection
EndGlobal
